
Microsoft Visual Studio Solution File, Format Version 12.00
# Visual Studio Version 17
VisualStudioVersion = 17.13.35806.99 d17.13
MinimumVisualStudioVersion = 10.0.40219.1
Project("{FAE04EC0-301F-11D3-BF4B-00C04F79EFBC}") = "ArbolBinario", "ArbolBinario\ArbolBinario.csproj", "{89E9E960-B10D-4DD7-A7AD-7B653DD03BF8}"
EndProject
Global
	GlobalSection(SolutionConfigurationPlatforms) = preSolution
		Debug|Any CPU = Debug|Any CPU
		Release|Any CPU = Release|Any CPU
	EndGlobalSection
	GlobalSection(ProjectConfigurationPlatforms) = postSolution
		{89E9E960-B10D-4DD7-A7AD-7B653DD03BF8}.Debug|Any CPU.ActiveCfg = Debug|Any CPU
		{89E9E960-B10D-4DD7-A7AD-7B653DD03BF8}.Debug|Any CPU.Build.0 = Debug|Any CPU
		{89E9E960-B10D-4DD7-A7AD-7B653DD03BF8}.Release|Any CPU.ActiveCfg = Release|Any CPU
		{89E9E960-B10D-4DD7-A7AD-7B653DD03BF8}.Release|Any CPU.Build.0 = Release|Any CPU
	EndGlobalSection
	GlobalSection(SolutionProperties) = preSolution
		HideSolutionNode = FALSE
	EndGlobalSection
	GlobalSection(ExtensibilityGlobals) = postSolution
		SolutionGuid = {BBC5E3A7-7B5E-49D9-AE9C-FF8CDC13DD6E}
	EndGlobalSection
EndGlobal
